{
    "name": "bank-account-js",
    "version": "1.0.0",
    "lockfileVersion": 3,
    "requires": true,
    "packages": {
        "": {
            "name": "bank-account-js",
            "version": "1.0.0",
            "dependencies": {
                "antithesis-sdk": "file:/Users/adamtoth/Documents/GitHub/BankAccountJS"
            }
        },
        "../Users/adamtoth/Documents/GitHub/BankAccountJS": {
            "extraneous": true
        },
        "node_modules/antithesis-sdk": {
            "resolved": "",
            "link": true
        }
    }
}
